// !$*UTF8*$!
{
	archiveVersion = 1;
	classes = {
	};
	objectVersion = 50;
	objects = {

/* Begin PBXBuildFile section */
		44399369216F3A3E00FBF013 /* AppDelegate.m in Sources */ = {isa = PBXBuildFile; fileRef = 44399368216F3A3E00FBF013 /* AppDelegate.m */; };
		4439936C216F3A3E00FBF013 /* ViewController.m in Sources */ = {isa = PBXBuildFile; fileRef = 4439936B216F3A3E00FBF013 /* ViewController.m */; };
		44399371216F3A4000FBF013 /* Assets.xcassets in Resources */ = {isa = PBXBuildFile; fileRef = 44399370216F3A4000FBF013 /* Assets.xcassets */; };
		44399374216F3A4000FBF013 /* LaunchScreen.storyboard in Resources */ = {isa = PBXBuildFile; fileRef = 44399372216F3A4000FBF013 /* LaunchScreen.storyboard */; };
		44399377216F3A4000FBF013 /* main.m in Sources */ = {isa = PBXBuildFile; fileRef = 44399376216F3A4000FBF013 /* main.m */; };
		44399380216F3C5600FBF013 /* KWAIAudioDemoViewController.m in Sources */ = {isa = PBXBuildFile; fileRef = 4439937F216F3C5600FBF013 /* KWAIAudioDemoViewController.m */; };
		44399384216F3DAE00FBF013 /* KWAIVideoDemoViewController.m in Sources */ = {isa = PBXBuildFile; fileRef = 44399383216F3DAE00FBF013 /* KWAIVideoDemoViewController.m */; };
		44399388216F3DF300FBF013 /* KWAIAudioVideoDemoViewController.m in Sources */ = {isa = PBXBuildFile; fileRef = 44399387216F3DF300FBF013 /* KWAIAudioVideoDemoViewController.m */; };
		4439938E216F3E7000FBF013 /* AVFoundation.framework in Frameworks */ = {isa = PBXBuildFile; fileRef = 4439938D216F3E7000FBF013 /* AVFoundation.framework */; };
		44399392216F3EAF00FBF013 /* KWAIMeterTable.m in Sources */ = {isa = PBXBuildFile; fileRef = 44399391216F3EAF00FBF013 /* KWAIMeterTable.m */; };
		44399395216F3FC800FBF013 /* KWAIAudioController.m in Sources */ = {isa = PBXBuildFile; fileRef = 44399394216F3FC800FBF013 /* KWAIAudioController.m */; };
		44399397216F476700FBF013 /* 1.mp3 in Resources */ = {isa = PBXBuildFile; fileRef = 44399396216F476700FBF013 /* 1.mp3 */; };
		4439939A216F4A2900FBF013 /* KWAIAudioRecorderController.m in Sources */ = {isa = PBXBuildFile; fileRef = 44399399216F4A2900FBF013 /* KWAIAudioRecorderController.m */; };
		4439939C216F4DDC00FBF013 /* icon.png in Resources */ = {isa = PBXBuildFile; fileRef = 4439939B216F4DDC00FBF013 /* icon.png */; };
		443993A4216F504C00FBF013 /* 1.mp4 in Resources */ = {isa = PBXBuildFile; fileRef = 443993A3216F504B00FBF013 /* 1.mp4 */; };
		444D76BF21704AED0036871C /* KWAIVPlayerView.m in Sources */ = {isa = PBXBuildFile; fileRef = 444D76BE21704AED0036871C /* KWAIVPlayerView.m */; };
/* End PBXBuildFile section */

/* Begin PBXFileReference section */
		44399364216F3A3E00FBF013 /* KWAIAudioVideoDemo.app */ = {isa = PBXFileReference; explicitFileType = wrapper.application; includeInIndex = 0; path = KWAIAudioVideoDemo.app; sourceTree = BUILT_PRODUCTS_DIR; };
		44399367216F3A3E00FBF013 /* AppDelegate.h */ = {isa = PBXFileReference; lastKnownFileType = sourcecode.c.h; path = AppDelegate.h; sourceTree = "<group>"; };
		44399368216F3A3E00FBF013 /* AppDelegate.m */ = {isa = PBXFileReference; lastKnownFileType = sourcecode.c.objc; path = AppDelegate.m; sourceTree = "<group>"; };
		4439936A216F3A3E00FBF013 /* ViewController.h */ = {isa = PBXFileReference; lastKnownFileType = sourcecode.c.h; path = ViewController.h; sourceTree = "<group>"; };
		4439936B216F3A3E00FBF013 /* ViewController.m */ = {isa = PBXFileReference; lastKnownFileType = sourcecode.c.objc; path = ViewController.m; sourceTree = "<group>"; };
		44399370216F3A4000FBF013 /* Assets.xcassets */ = {isa = PBXFileReference; lastKnownFileType = folder.assetcatalog; path = Assets.xcassets; sourceTree = "<group>"; };
		44399373216F3A4000FBF013 /* Base */ = {isa = PBXFileReference; lastKnownFileType = file.storyboard; name = Base; path = Base.lproj/LaunchScreen.storyboard; sourceTree = "<group>"; };
		44399375216F3A4000FBF013 /* Info.plist */ = {isa = PBXFileReference; lastKnownFileType = text.plist.xml; path = Info.plist; sourceTree = "<group>"; };
		44399376216F3A4000FBF013 /* main.m */ = {isa = PBXFileReference; lastKnownFileType = sourcecode.c.objc; path = main.m; sourceTree = "<group>"; };
		4439937E216F3C5600FBF013 /* KWAIAudioDemoViewController.h */ = {isa = PBXFileReference; lastKnownFileType = sourcecode.c.h; path = KWAIAudioDemoViewController.h; sourceTree = "<group>"; };
		4439937F216F3C5600FBF013 /* KWAIAudioDemoViewController.m */ = {isa = PBXFileReference; lastKnownFileType = sourcecode.c.objc; path = KWAIAudioDemoViewController.m; sourceTree = "<group>"; };
		44399382216F3DAE00FBF013 /* KWAIVideoDemoViewController.h */ = {isa = PBXFileReference; lastKnownFileType = sourcecode.c.h; path = KWAIVideoDemoViewController.h; sourceTree = "<group>"; };
		44399383216F3DAE00FBF013 /* KWAIVideoDemoViewController.m */ = {isa = PBXFileReference; lastKnownFileType = sourcecode.c.objc; path = KWAIVideoDemoViewController.m; sourceTree = "<group>"; };
		44399386216F3DF300FBF013 /* KWAIAudioVideoDemoViewController.h */ = {isa = PBXFileReference; lastKnownFileType = sourcecode.c.h; path = KWAIAudioVideoDemoViewController.h; sourceTree = "<group>"; };
		44399387216F3DF300FBF013 /* KWAIAudioVideoDemoViewController.m */ = {isa = PBXFileReference; lastKnownFileType = sourcecode.c.objc; path = KWAIAudioVideoDemoViewController.m; sourceTree = "<group>"; };
		4439938D216F3E7000FBF013 /* AVFoundation.framework */ = {isa = PBXFileReference; lastKnownFileType = wrapper.framework; name = AVFoundation.framework; path = System/Library/Frameworks/AVFoundation.framework; sourceTree = SDKROOT; };
		44399390216F3EAF00FBF013 /* KWAIMeterTable.h */ = {isa = PBXFileReference; lastKnownFileType = sourcecode.c.h; path = KWAIMeterTable.h; sourceTree = "<group>"; };
		44399391216F3EAF00FBF013 /* KWAIMeterTable.m */ = {isa = PBXFileReference; lastKnownFileType = sourcecode.c.objc; path = KWAIMeterTable.m; sourceTree = "<group>"; };
		44399393216F3FC800FBF013 /* KWAIAudioController.h */ = {isa = PBXFileReference; fileEncoding = 4; lastKnownFileType = sourcecode.c.h; path = KWAIAudioController.h; sourceTree = "<group>"; };
		44399394216F3FC800FBF013 /* KWAIAudioController.m */ = {isa = PBXFileReference; fileEncoding = 4; lastKnownFileType = sourcecode.c.objc; path = KWAIAudioController.m; sourceTree = "<group>"; };
		44399396216F476700FBF013 /* 1.mp3 */ = {isa = PBXFileReference; lastKnownFileType = audio.mp3; path = 1.mp3; sourceTree = "<group>"; };
		44399398216F4A2900FBF013 /* KWAIAudioRecorderController.h */ = {isa = PBXFileReference; lastKnownFileType = sourcecode.c.h; path = KWAIAudioRecorderController.h; sourceTree = "<group>"; };
		44399399216F4A2900FBF013 /* KWAIAudioRecorderController.m */ = {isa = PBXFileReference; lastKnownFileType = sourcecode.c.objc; path = KWAIAudioRecorderController.m; sourceTree = "<group>"; };
		4439939B216F4DDC00FBF013 /* icon.png */ = {isa = PBXFileReference; lastKnownFileType = image.png; path = icon.png; sourceTree = "<group>"; };
		443993A3216F504B00FBF013 /* 1.mp4 */ = {isa = PBXFileReference; lastKnownFileType = file; path = 1.mp4; sourceTree = "<group>"; };
		444D76BD21704AED0036871C /* KWAIVPlayerView.h */ = {isa = PBXFileReference; lastKnownFileType = sourcecode.c.h; path = KWAIVPlayerView.h; sourceTree = "<group>"; };
		444D76BE21704AED0036871C /* KWAIVPlayerView.m */ = {isa = PBXFileReference; lastKnownFileType = sourcecode.c.objc; path = KWAIVPlayerView.m; sourceTree = "<group>"; };
/* End PBXFileReference section */

/* Begin PBXFrameworksBuildPhase section */
		44399361216F3A3E00FBF013 /* Frameworks */ = {
			isa = PBXFrameworksBuildPhase;
			buildActionMask = 2147483647;
			files = (
				4439938E216F3E7000FBF013 /* AVFoundation.framework in Frameworks */,
			);
			runOnlyForDeploymentPostprocessing = 0;
		};
/* End PBXFrameworksBuildPhase section */

/* Begin PBXGroup section */
		4439935B216F3A3E00FBF013 = {
			isa = PBXGroup;
			children = (
				44399366216F3A3E00FBF013 /* KWAIAudioVideoDemo */,
				44399365216F3A3E00FBF013 /* Products */,
				4439938C216F3E7000FBF013 /* Frameworks */,
			);
			sourceTree = "<group>";
		};
		44399365216F3A3E00FBF013 /* Products */ = {
			isa = PBXGroup;
			children = (
				44399364216F3A3E00FBF013 /* KWAIAudioVideoDemo.app */,
			);
			name = Products;
			sourceTree = "<group>";
		};
		44399366216F3A3E00FBF013 /* KWAIAudioVideoDemo */ = {
			isa = PBXGroup;
			children = (
				4439939B216F4DDC00FBF013 /* icon.png */,
				443993A3216F504B00FBF013 /* 1.mp4 */,
				44399396216F476700FBF013 /* 1.mp3 */,
				4439938F216F3EA800FBF013 /* Common */,
				44399385216F3DEA00FBF013 /* AudioVedio */,
				44399381216F3D9F00FBF013 /* Video */,
				4439937D216F3C4A00FBF013 /* Audio */,
				44399367216F3A3E00FBF013 /* AppDelegate.h */,
				44399368216F3A3E00FBF013 /* AppDelegate.m */,
				4439936A216F3A3E00FBF013 /* ViewController.h */,
				4439936B216F3A3E00FBF013 /* ViewController.m */,
				44399370216F3A4000FBF013 /* Assets.xcassets */,
				44399372216F3A4000FBF013 /* LaunchScreen.storyboard */,
				44399375216F3A4000FBF013 /* Info.plist */,
				44399376216F3A4000FBF013 /* main.m */,
			);
			path = KWAIAudioVideoDemo;
			sourceTree = "<group>";
		};
		4439937D216F3C4A00FBF013 /* Audio */ = {
			isa = PBXGroup;
			children = (
				44399393216F3FC800FBF013 /* KWAIAudioController.h */,
				44399394216F3FC800FBF013 /* KWAIAudioController.m */,
				4439937E216F3C5600FBF013 /* KWAIAudioDemoViewController.h */,
				4439937F216F3C5600FBF013 /* KWAIAudioDemoViewController.m */,
				44399398216F4A2900FBF013 /* KWAIAudioRecorderController.h */,
				44399399216F4A2900FBF013 /* KWAIAudioRecorderController.m */,
			);
			path = Audio;
			sourceTree = "<group>";
		};
		44399381216F3D9F00FBF013 /* Video */ = {
			isa = PBXGroup;
			children = (
				44399382216F3DAE00FBF013 /* KWAIVideoDemoViewController.h */,
				44399383216F3DAE00FBF013 /* KWAIVideoDemoViewController.m */,
				444D76BD21704AED0036871C /* KWAIVPlayerView.h */,
				444D76BE21704AED0036871C /* KWAIVPlayerView.m */,
			);
			path = Video;
			sourceTree = "<group>";
		};
		44399385216F3DEA00FBF013 /* AudioVedio */ = {
			isa = PBXGroup;
			children = (
				44399386216F3DF300FBF013 /* KWAIAudioVideoDemoViewController.h */,
				44399387216F3DF300FBF013 /* KWAIAudioVideoDemoViewController.m */,
			);
			path = AudioVedio;
			sourceTree = "<group>";
		};
		4439938C216F3E7000FBF013 /* Frameworks */ = {
			isa = PBXGroup;
			children = (
				4439938D216F3E7000FBF013 /* AVFoundation.framework */,
			);
			name = Frameworks;
			sourceTree = "<group>";
		};
		4439938F216F3EA800FBF013 /* Common */ = {
			isa = PBXGroup;
			children = (
				44399390216F3EAF00FBF013 /* KWAIMeterTable.h */,
				44399391216F3EAF00FBF013 /* KWAIMeterTable.m */,
			);
			path = Common;
			sourceTree = "<group>";
		};
/* End PBXGroup section */

/* Begin PBXNativeTarget section */
		44399363216F3A3E00FBF013 /* KWAIAudioVideoDemo */ = {
			isa = PBXNativeTarget;
			buildConfigurationList = 4439937A216F3A4000FBF013 /* Build configuration list for PBXNativeTarget "KWAIAudioVideoDemo" */;
			buildPhases = (
				44399360216F3A3E00FBF013 /* Sources */,
				44399361216F3A3E00FBF013 /* Frameworks */,
				44399362216F3A3E00FBF013 /* Resources */,
			);
			buildRules = (
			);
			dependencies = (
			);
			name = KWAIAudioVideoDemo;
			productName = KWAIAudioVideoDemo;
			productReference = 44399364216F3A3E00FBF013 /* KWAIAudioVideoDemo.app */;
			productType = "com.apple.product-type.application";
		};
/* End PBXNativeTarget section */

/* Begin PBXProject section */
		4439935C216F3A3E00FBF013 /* Project object */ = {
			isa = PBXProject;
			attributes = {
				LastUpgradeCheck = 1000;
				ORGANIZATIONNAME = "Ranger Wu";
				TargetAttributes = {
					44399363216F3A3E00FBF013 = {
						CreatedOnToolsVersion = 10.0;
					};
				};
			};
			buildConfigurationList = 4439935F216F3A3E00FBF013 /* Build configuration list for PBXProject "KWAIAudioVideoDemo" */;
			compatibilityVersion = "Xcode 9.3";
			developmentRegion = en;
			hasScannedForEncodings = 0;
			knownRegions = (
				en,
				Base,
			);
			mainGroup = 4439935B216F3A3E00FBF013;
			productRefGroup = 44399365216F3A3E00FBF013 /* Products */;
			projectDirPath = "";
			projectRoot = "";
			targets = (
				44399363216F3A3E00FBF013 /* KWAIAudioVideoDemo */,
			);
		};
/* End PBXProject section */

/* Begin PBXResourcesBuildPhase section */
		44399362216F3A3E00FBF013 /* Resources */ = {
			isa = PBXResourcesBuildPhase;
			buildActionMask = 2147483647;
			files = (
				4439939C216F4DDC00FBF013 /* icon.png in Resources */,
				44399397216F476700FBF013 /* 1.mp3 in Resources */,
				443993A4216F504C00FBF013 /* 1.mp4 in Resources */,
				44399374216F3A4000FBF013 /* LaunchScreen.storyboard in Resources */,
				44399371216F3A4000FBF013 /* Assets.xcassets in Resources */,
			);
			runOnlyForDeploymentPostprocessing = 0;
		};
/* End PBXResourcesBuildPhase section */

/* Begin PBXSourcesBuildPhase section */
		44399360216F3A3E00FBF013 /* Sources */ = {
			isa = PBXSourcesBuildPhase;
			buildActionMask = 2147483647;
			files = (
				4439936C216F3A3E00FBF013 /* ViewController.m in Sources */,
				44399384216F3DAE00FBF013 /* KWAIVideoDemoViewController.m in Sources */,
				444D76BF21704AED0036871C /* KWAIVPlayerView.m in Sources */,
				44399395216F3FC800FBF013 /* KWAIAudioController.m in Sources */,
				4439939A216F4A2900FBF013 /* KWAIAudioRecorderController.m in Sources */,
				44399377216F3A4000FBF013 /* main.m in Sources */,
				44399392216F3EAF00FBF013 /* KWAIMeterTable.m in Sources */,
				44399380216F3C5600FBF013 /* KWAIAudioDemoViewController.m in Sources */,
				44399388216F3DF300FBF013 /* KWAIAudioVideoDemoViewController.m in Sources */,
				44399369216F3A3E00FBF013 /* AppDelegate.m in Sources */,
			);
			runOnlyForDeploymentPostprocessing = 0;
		};
/* End PBXSourcesBuildPhase section */

/* Begin PBXVariantGroup section */
		44399372216F3A4000FBF013 /* LaunchScreen.storyboard */ = {
			isa = PBXVariantGroup;
			children = (
				44399373216F3A4000FBF013 /* Base */,
			);
			name = LaunchScreen.storyboard;
			sourceTree = "<group>";
		};
/* End PBXVariantGroup section */

/* Begin XCBuildConfiguration section */
		44399378216F3A4000FBF013 /* Debug */ = {
			isa = XCBuildConfiguration;
			buildSettings = {
				ALWAYS_SEARCH_USER_PATHS = NO;
				CLANG_ANALYZER_NONNULL = YES;
				CLANG_ANALYZER_NUMBER_OBJECT_CONVERSION = YES_AGGRESSIVE;
				CLANG_CXX_LANGUAGE_STANDARD = "gnu++14";
				CLANG_CXX_LIBRARY = "libc++";
				CLANG_ENABLE_MODULES = YES;
				CLANG_ENABLE_OBJC_ARC = YES;
				CLANG_ENABLE_OBJC_WEAK = YES;
				CLANG_WARN_BLOCK_CAPTURE_AUTORELEASING = YES;
				CLANG_WARN_BOOL_CONVERSION = YES;
				CLANG_WARN_COMMA = YES;
				CLANG_WARN_CONSTANT_CONVERSION = YES;
				CLANG_WARN_DEPRECATED_OBJC_IMPLEMENTATIONS = YES;
				CLANG_WARN_DIRECT_OBJC_ISA_USAGE = YES_ERROR;
				CLANG_WARN_DOCUMENTATION_COMMENTS = YES;
				CLANG_WARN_EMPTY_BODY = YES;
				CLANG_WARN_ENUM_CONVERSION = YES;
				CLANG_WARN_INFINITE_RECURSION = YES;
				CLANG_WARN_INT_CONVERSION = YES;
				CLANG_WARN_NON_LITERAL_NULL_CONVERSION = YES;
				CLANG_WARN_OBJC_IMPLICIT_RETAIN_SELF = YES;
				CLANG_WARN_OBJC_LITERAL_CONVERSION = YES;
				CLANG_WARN_OBJC_ROOT_CLASS = YES_ERROR;
				CLANG_WARN_RANGE_LOOP_ANALYSIS = YES;
				CLANG_WARN_STRICT_PROTOTYPES = YES;
				CLANG_WARN_SUSPICIOUS_MOVE = YES;
				CLANG_WARN_UNGUARDED_AVAILABILITY = YES_AGGRESSIVE;
				CLANG_WARN_UNREACHABLE_CODE = YES;
				CLANG_WARN__DUPLICATE_METHOD_MATCH = YES;
				CODE_SIGN_IDENTITY = "iPhone Developer";
				COPY_PHASE_STRIP = NO;
				DEBUG_INFORMATION_FORMAT = dwarf;
				ENABLE_STRICT_OBJC_MSGSEND = YES;
				ENABLE_TESTABILITY = YES;
				GCC_C_LANGUAGE_STANDARD = gnu11;
				GCC_DYNAMIC_NO_PIC = NO;
				GCC_NO_COMMON_BLOCKS = YES;
				GCC_OPTIMIZATION_LEVEL = 0;
				GCC_PREPROCESSOR_DEFINITIONS = (
					"DEBUG=1",
					"$(inherited)",
				);
				GCC_WARN_64_TO_32_BIT_CONVERSION = YES;
				GCC_WARN_ABOUT_RETURN_TYPE = YES_ERROR;
				GCC_WARN_UNDECLARED_SELECTOR = YES;
				GCC_WARN_UNINITIALIZED_AUTOS = YES_AGGRESSIVE;
				GCC_WARN_UNUSED_FUNCTION = YES;
				GCC_WARN_UNUSED_VARIABLE = YES;
				IPHONEOS_DEPLOYMENT_TARGET = 12.0;
				MTL_ENABLE_DEBUG_INFO = INCLUDE_SOURCE;
				MTL_FAST_MATH = YES;
				ONLY_ACTIVE_ARCH = YES;
				SDKROOT = iphoneos;
			};
			name = Debug;
		};
		44399379216F3A4000FBF013 /* Release */ = {
			isa = XCBuildConfiguration;
			buildSettings = {
				ALWAYS_SEARCH_USER_PATHS = NO;
				CLANG_ANALYZER_NONNULL = YES;
				CLANG_ANALYZER_NUMBER_OBJECT_CONVERSION = YES_AGGRESSIVE;
				CLANG_CXX_LANGUAGE_STANDARD = "gnu++14";
				CLANG_CXX_LIBRARY = "libc++";
				CLANG_ENABLE_MODULES = YES;
				CLANG_ENABLE_OBJC_ARC = YES;
				CLANG_ENABLE_OBJC_WEAK = YES;
				CLANG_WARN_BLOCK_CAPTURE_AUTORELEASING = YES;
				CLANG_WARN_BOOL_CONVERSION = YES;
				CLANG_WARN_COMMA = YES;
				CLANG_WARN_CONSTANT_CONVERSION = YES;
				CLANG_WARN_DEPRECATED_OBJC_IMPLEMENTATIONS = YES;
				CLANG_WARN_DIRECT_OBJC_ISA_USAGE = YES_ERROR;
				CLANG_WARN_DOCUMENTATION_COMMENTS = YES;
				CLANG_WARN_EMPTY_BODY = YES;
				CLANG_WARN_ENUM_CONVERSION = YES;
				CLANG_WARN_INFINITE_RECURSION = YES;
				CLANG_WARN_INT_CONVERSION = YES;
				CLANG_WARN_NON_LITERAL_NULL_CONVERSION = YES;
				CLANG_WARN_OBJC_IMPLICIT_RETAIN_SELF = YES;
				CLANG_WARN_OBJC_LITERAL_CONVERSION = YES;
				CLANG_WARN_OBJC_ROOT_CLASS = YES_ERROR;
				CLANG_WARN_RANGE_LOOP_ANALYSIS = YES;
				CLANG_WARN_STRICT_PROTOTYPES = YES;
				CLANG_WARN_SUSPICIOUS_MOVE = YES;
				CLANG_WARN_UNGUARDED_AVAILABILITY = YES_AGGRESSIVE;
				CLANG_WARN_UNREACHABLE_CODE = YES;
				CLANG_WARN__DUPLICATE_METHOD_MATCH = YES;
				CODE_SIGN_IDENTITY = "iPhone Developer";
				COPY_PHASE_STRIP = NO;
				DEBUG_INFORMATION_FORMAT = "dwarf-with-dsym";
				ENABLE_NS_ASSERTIONS = NO;
				ENABLE_STRICT_OBJC_MSGSEND = YES;
				GCC_C_LANGUAGE_STANDARD = gnu11;
				GCC_NO_COMMON_BLOCKS = YES;
				GCC_WARN_64_TO_32_BIT_CONVERSION = YES;
				GCC_WARN_ABOUT_RETURN_TYPE = YES_ERROR;
				GCC_WARN_UNDECLARED_SELECTOR = YES;
				GCC_WARN_UNINITIALIZED_AUTOS = YES_AGGRESSIVE;
				GCC_WARN_UNUSED_FUNCTION = YES;
				GCC_WARN_UNUSED_VARIABLE = YES;
				IPHONEOS_DEPLOYMENT_TARGET = 12.0;
				MTL_ENABLE_DEBUG_INFO = NO;
				MTL_FAST_MATH = YES;
				SDKROOT = iphoneos;
				VALIDATE_PRODUCT = YES;
			};
			name = Release;
		};
		4439937B216F3A4000FBF013 /* Debug */ = {
			isa = XCBuildConfiguration;
			buildSettings = {
				ASSETCATALOG_COMPILER_APPICON_NAME = AppIcon;
				CODE_SIGN_STYLE = Automatic;
				DEVELOPMENT_TEAM = 482229B692;
				INFOPLIST_FILE = KWAIAudioVideoDemo/Info.plist;
				LD_RUNPATH_SEARCH_PATHS = (
					"$(inherited)",
					"@executable_path/Frameworks",
				);
				PRODUCT_BUNDLE_IDENTIFIER = com.kwai.KWAIAudioVideoDemo;
				PRODUCT_NAME = "$(TARGET_NAME)";
				TARGETED_DEVICE_FAMILY = "1,2";
			};
			name = Debug;
		};
		4439937C216F3A4000FBF013 /* Release */ = {
			isa = XCBuildConfiguration;
			buildSettings = {
				ASSETCATALOG_COMPILER_APPICON_NAME = AppIcon;
				CODE_SIGN_STYLE = Automatic;
				DEVELOPMENT_TEAM = 482229B692;
				INFOPLIST_FILE = KWAIAudioVideoDemo/Info.plist;
				LD_RUNPATH_SEARCH_PATHS = (
					"$(inherited)",
					"@executable_path/Frameworks",
				);
				PRODUCT_BUNDLE_IDENTIFIER = com.kwai.KWAIAudioVideoDemo;
				PRODUCT_NAME = "$(TARGET_NAME)";
				TARGETED_DEVICE_FAMILY = "1,2";
			};
			name = Release;
		};
/* End XCBuildConfiguration section */

/* Begin XCConfigurationList section */
		4439935F216F3A3E00FBF013 /* Build configuration list for PBXProject "KWAIAudioVideoDemo" */ = {
			isa = XCConfigurationList;
			buildConfigurations = (
				44399378216F3A4000FBF013 /* Debug */,
				44399379216F3A4000FBF013 /* Release */,
			);
			defaultConfigurationIsVisible = 0;
			defaultConfigurationName = Release;
		};
		4439937A216F3A4000FBF013 /* Build configuration list for PBXNativeTarget "KWAIAudioVideoDemo" */ = {
			isa = XCConfigurationList;
			buildConfigurations = (
				4439937B216F3A4000FBF013 /* Debug */,
				4439937C216F3A4000FBF013 /* Release */,
			);
			defaultConfigurationIsVisible = 0;
			defaultConfigurationName = Release;
		};
/* End XCConfigurationList section */
	};
	rootObject = 4439935C216F3A3E00FBF013 /* Project object */;
}
